
Microsoft Visual Studio Solution File, Format Version 12.00
# Visual Studio Version 16
VisualStudioVersion = 16.0.30621.155
MinimumVisualStudioVersion = 10.0.40219.1
Project("{FAE04EC0-301F-11D3-BF4B-00C04F79EFBC}") = "Travel", "Travel\Travel.csproj", "{0C10F699-2721-495E-A55E-62982A3A6BE3}"
EndProject
Global
	GlobalSection(SolutionConfigurationPlatforms) = preSolution
		Debug|Any CPU = Debug|Any CPU
		Release|Any CPU = Release|Any CPU
	EndGlobalSection
	GlobalSection(ProjectConfigurationPlatforms) = postSolution
		{0C10F699-2721-495E-A55E-62982A3A6BE3}.Debug|Any CPU.ActiveCfg = Debug|Any CPU
		{0C10F699-2721-495E-A55E-62982A3A6BE3}.Debug|Any CPU.Build.0 = Debug|Any CPU
		{0C10F699-2721-495E-A55E-62982A3A6BE3}.Release|Any CPU.ActiveCfg = Release|Any CPU
		{0C10F699-2721-495E-A55E-62982A3A6BE3}.Release|Any CPU.Build.0 = Release|Any CPU
	EndGlobalSection
	GlobalSection(SolutionProperties) = preSolution
		HideSolutionNode = FALSE
	EndGlobalSection
	GlobalSection(ExtensibilityGlobals) = postSolution
		SolutionGuid = {3769FAAA-A46F-4375-B8FF-AE739908FD5E}
	EndGlobalSection
EndGlobal
